
Microsoft Visual Studio Solution File, Format Version 12.00
# Visual Studio Version 17
VisualStudioVersion = 17.2.32630.192
MinimumVisualStudioVersion = 10.0.40219.1
Project("{9A19103F-16F7-4668-BE54-9A1E7A4F7556}") = "MyWallet.Api", "MyWallet.Api\MyWallet.Api.csproj", "{47F8C551-46DE-4D8C-9CE2-611D77809A2A}"
	ProjectSection(ProjectDependencies) = postProject
		{29EE594E-0ADA-459F-B479-2A230D2CFE72} = {29EE594E-0ADA-459F-B479-2A230D2CFE72}
	EndProjectSection
EndProject
Project("{9A19103F-16F7-4668-BE54-9A1E7A4F7556}") = "MyWallet.Domain", "MyWallet.Domain\MyWallet.Domain.csproj", "{A26E1037-DBBB-411F-8138-4717B67FA3DB}"
	ProjectSection(ProjectDependencies) = postProject
		{29EE594E-0ADA-459F-B479-2A230D2CFE72} = {29EE594E-0ADA-459F-B479-2A230D2CFE72}
		{68C181DD-85D0-4338-88B1-CA40868616D3} = {68C181DD-85D0-4338-88B1-CA40868616D3}
	EndProjectSection
EndProject
Project("{9A19103F-16F7-4668-BE54-9A1E7A4F7556}") = "MyWallet.Infra", "MyWallet.Infra\MyWallet.Infra.csproj", "{D5842872-419A-47C8-A628-D4B71F3D3106}"
EndProject
Project("{9A19103F-16F7-4668-BE54-9A1E7A4F7556}") = "MyWallet.Test", "MyWallet.Test\MyWallet.Test.csproj", "{755DAE49-FEEE-4180-A44D-8C8603886F8D}"
EndProject
Project("{2150E333-8FDC-42A3-9474-1A3956D46DE8}") = "Solution Items", "Solution Items", "{8D83652C-F6E0-4E3C-9A89-E8A5E77F4929}"
	ProjectSection(SolutionItems) = preProject
		.editorconfig = .editorconfig
	EndProjectSection
EndProject
Project("{9A19103F-16F7-4668-BE54-9A1E7A4F7556}") = "MyWallet.Scraper", "MyWallet.Scraper\MyWallet.Scraper.csproj", "{29EE594E-0ADA-459F-B479-2A230D2CFE72}"
EndProject
Project("{9A19103F-16F7-4668-BE54-9A1E7A4F7556}") = "MyWallet.Globalization", "MyWallet.Globalization\MyWallet.Globalization.csproj", "{68C181DD-85D0-4338-88B1-CA40868616D3}"
EndProject
Global
	GlobalSection(SolutionConfigurationPlatforms) = preSolution
		Debug|Any CPU = Debug|Any CPU
		Release|Any CPU = Release|Any CPU
	EndGlobalSection
	GlobalSection(ProjectConfigurationPlatforms) = postSolution
		{47F8C551-46DE-4D8C-9CE2-611D77809A2A}.Debug|Any CPU.ActiveCfg = Debug|Any CPU
		{47F8C551-46DE-4D8C-9CE2-611D77809A2A}.Debug|Any CPU.Build.0 = Debug|Any CPU
		{47F8C551-46DE-4D8C-9CE2-611D77809A2A}.Release|Any CPU.ActiveCfg = Release|Any CPU
		{47F8C551-46DE-4D8C-9CE2-611D77809A2A}.Release|Any CPU.Build.0 = Release|Any CPU
		{A26E1037-DBBB-411F-8138-4717B67FA3DB}.Debug|Any CPU.ActiveCfg = Debug|Any CPU
		{A26E1037-DBBB-411F-8138-4717B67FA3DB}.Debug|Any CPU.Build.0 = Debug|Any CPU
		{A26E1037-DBBB-411F-8138-4717B67FA3DB}.Release|Any CPU.ActiveCfg = Release|Any CPU
		{A26E1037-DBBB-411F-8138-4717B67FA3DB}.Release|Any CPU.Build.0 = Release|Any CPU
		{D5842872-419A-47C8-A628-D4B71F3D3106}.Debug|Any CPU.ActiveCfg = Debug|Any CPU
		{D5842872-419A-47C8-A628-D4B71F3D3106}.Debug|Any CPU.Build.0 = Debug|Any CPU
		{D5842872-419A-47C8-A628-D4B71F3D3106}.Release|Any CPU.ActiveCfg = Release|Any CPU
		{D5842872-419A-47C8-A628-D4B71F3D3106}.Release|Any CPU.Build.0 = Release|Any CPU
		{755DAE49-FEEE-4180-A44D-8C8603886F8D}.Debug|Any CPU.ActiveCfg = Debug|Any CPU
		{755DAE49-FEEE-4180-A44D-8C8603886F8D}.Debug|Any CPU.Build.0 = Debug|Any CPU
		{755DAE49-FEEE-4180-A44D-8C8603886F8D}.Release|Any CPU.ActiveCfg = Release|Any CPU
		{755DAE49-FEEE-4180-A44D-8C8603886F8D}.Release|Any CPU.Build.0 = Release|Any CPU
		{29EE594E-0ADA-459F-B479-2A230D2CFE72}.Debug|Any CPU.ActiveCfg = Debug|Any CPU
		{29EE594E-0ADA-459F-B479-2A230D2CFE72}.Debug|Any CPU.Build.0 = Debug|Any CPU
		{29EE594E-0ADA-459F-B479-2A230D2CFE72}.Release|Any CPU.ActiveCfg = Release|Any CPU
		{29EE594E-0ADA-459F-B479-2A230D2CFE72}.Release|Any CPU.Build.0 = Release|Any CPU
		{68C181DD-85D0-4338-88B1-CA40868616D3}.Debug|Any CPU.ActiveCfg = Debug|Any CPU
		{68C181DD-85D0-4338-88B1-CA40868616D3}.Debug|Any CPU.Build.0 = Debug|Any CPU
		{68C181DD-85D0-4338-88B1-CA40868616D3}.Release|Any CPU.ActiveCfg = Release|Any CPU
		{68C181DD-85D0-4338-88B1-CA40868616D3}.Release|Any CPU.Build.0 = Release|Any CPU
	EndGlobalSection
	GlobalSection(SolutionProperties) = preSolution
		HideSolutionNode = FALSE
	EndGlobalSection
	GlobalSection(ExtensibilityGlobals) = postSolution
		SolutionGuid = {796B6766-02AB-47F1-82EA-AC1E51024C72}
	EndGlobalSection
EndGlobal
